
Microsoft Visual Studio Solution File, Format Version 12.00
# Visual Studio Version 17
VisualStudioVersion = 17.4.33103.184
MinimumVisualStudioVersion = 10.0.40219.1
Project("{FAE04EC0-301F-11D3-BF4B-00C04F79EFBC}") = "Lab03_Avramyshyn", "Lab03_Avramyshyn\Lab03_Avramyshyn.csproj", "{9DEC51D1-CF67-4D73-AF88-95D73D88C7BE}"
EndProject
Global
	GlobalSection(SolutionConfigurationPlatforms) = preSolution
		Debug|Any CPU = Debug|Any CPU
		Release|Any CPU = Release|Any CPU
	EndGlobalSection
	GlobalSection(ProjectConfigurationPlatforms) = postSolution
		{9DEC51D1-CF67-4D73-AF88-95D73D88C7BE}.Debug|Any CPU.ActiveCfg = Debug|Any CPU
		{9DEC51D1-CF67-4D73-AF88-95D73D88C7BE}.Debug|Any CPU.Build.0 = Debug|Any CPU
		{9DEC51D1-CF67-4D73-AF88-95D73D88C7BE}.Release|Any CPU.ActiveCfg = Release|Any CPU
		{9DEC51D1-CF67-4D73-AF88-95D73D88C7BE}.Release|Any CPU.Build.0 = Release|Any CPU
	EndGlobalSection
	GlobalSection(SolutionProperties) = preSolution
		HideSolutionNode = FALSE
	EndGlobalSection
	GlobalSection(ExtensibilityGlobals) = postSolution
		SolutionGuid = {FB6B2D41-31B7-407C-8EE8-48BBB5FE56B7}
	EndGlobalSection
EndGlobal
